
Microsoft Visual Studio Solution File, Format Version 12.00
# Visual Studio Version 16
VisualStudioVersion = 16.0.30907.101
MinimumVisualStudioVersion = 10.0.40219.1
Project("{FAE04EC0-301F-11D3-BF4B-00C04F79EFBC}") = "Problem10_Permutation", "Problem10_Permutation\Problem10_Permutation.csproj", "{4E22BC21-F3F2-43B6-A99D-68D1BDECCF6F}"
EndProject
Global
	GlobalSection(SolutionConfigurationPlatforms) = preSolution
		Debug|Any CPU = Debug|Any CPU
		Release|Any CPU = Release|Any CPU
	EndGlobalSection
	GlobalSection(ProjectConfigurationPlatforms) = postSolution
		{4E22BC21-F3F2-43B6-A99D-68D1BDECCF6F}.Debug|Any CPU.ActiveCfg = Debug|Any CPU
		{4E22BC21-F3F2-43B6-A99D-68D1BDECCF6F}.Debug|Any CPU.Build.0 = Debug|Any CPU
		{4E22BC21-F3F2-43B6-A99D-68D1BDECCF6F}.Release|Any CPU.ActiveCfg = Release|Any CPU
		{4E22BC21-F3F2-43B6-A99D-68D1BDECCF6F}.Release|Any CPU.Build.0 = Release|Any CPU
	EndGlobalSection
	GlobalSection(SolutionProperties) = preSolution
		HideSolutionNode = FALSE
	EndGlobalSection
	GlobalSection(ExtensibilityGlobals) = postSolution
		SolutionGuid = {F39B76C5-EDA5-4FAE-9B88-13081E62CCA4}
	EndGlobalSection
EndGlobal
